// !$*UTF8*$!
{
	archiveVersion = 1;
	classes = {
	};
	objectVersion = 46;
	objects = {

/* Begin PBXBuildFile section */
		EEB799501C3CD62F00FB665A /* AppDelegate.swift in Sources */ = {isa = PBXBuildFile; fileRef = EEB7994F1C3CD62F00FB665A /* AppDelegate.swift */; };
		EEB799521C3CD62F00FB665A /* ViewController.swift in Sources */ = {isa = PBXBuildFile; fileRef = EEB799511C3CD62F00FB665A /* ViewController.swift */; };
		EEB799551C3CD62F00FB665A /* Main.storyboard in Resources */ = {isa = PBXBuildFile; fileRef = EEB799531C3CD62F00FB665A /* Main.storyboard */; };
		EEB799581C3CD62F00FB665A /* jif_SwiftSyntax.xcdatamodeld in Sources */ = {isa = PBXBuildFile; fileRef = EEB799561C3CD62F00FB665A /* jif_SwiftSyntax.xcdatamodeld */; };
		EEB7995A1C3CD62F00FB665A /* Assets.xcassets in Resources */ = {isa = PBXBuildFile; fileRef = EEB799591C3CD62F00FB665A /* Assets.xcassets */; };
		EEB7995D1C3CD62F00FB665A /* LaunchScreen.storyboard in Resources */ = {isa = PBXBuildFile; fileRef = EEB7995B1C3CD62F00FB665A /* LaunchScreen.storyboard */; };
		EEB799681C3CD62F00FB665A /* jif_SwiftSyntaxTests.swift in Sources */ = {isa = PBXBuildFile; fileRef = EEB799671C3CD62F00FB665A /* jif_SwiftSyntaxTests.swift */; };
		EEB799731C3CD62F00FB665A /* jif_SwiftSyntaxUITests.swift in Sources */ = {isa = PBXBuildFile; fileRef = EEB799721C3CD62F00FB665A /* jif_SwiftSyntaxUITests.swift */; };
/* End PBXBuildFile section */

/* Begin PBXContainerItemProxy section */
		EEB799641C3CD62F00FB665A /* PBXContainerItemProxy */ = {
			isa = PBXContainerItemProxy;
			containerPortal = EEB799441C3CD62F00FB665A /* Project object */;
			proxyType = 1;
			remoteGlobalIDString = EEB7994B1C3CD62F00FB665A;
			remoteInfo = "jif-SwiftSyntax";
		};
		EEB7996F1C3CD62F00FB665A /* PBXContainerItemProxy */ = {
			isa = PBXContainerItemProxy;
			containerPortal = EEB799441C3CD62F00FB665A /* Project object */;
			proxyType = 1;
			remoteGlobalIDString = EEB7994B1C3CD62F00FB665A;
			remoteInfo = "jif-SwiftSyntax";
		};
/* End PBXContainerItemProxy section */

/* Begin PBXFileReference section */
		EE0100E21C3CD829000E5333 /* SomeTestCodeDemo.playground */ = {isa = PBXFileReference; lastKnownFileType = file.playground; path = SomeTestCodeDemo.playground; sourceTree = "<group>"; };
		EE0100E31C3CD829000E5333 /* SwiftStudy.playground */ = {isa = PBXFileReference; lastKnownFileType = file.playground; path = SwiftStudy.playground; sourceTree = "<group>"; };
		EE0100E41C3CD829000E5333 /* SyntaxPlay.playground */ = {isa = PBXFileReference; lastKnownFileType = file.playground; path = SyntaxPlay.playground; sourceTree = "<group>"; };
		EE8CE7DE1C44D5620073658C /* Time.playground */ = {isa = PBXFileReference; lastKnownFileType = file.playground; path = Time.playground; sourceTree = "<group>"; };
		EEB7994C1C3CD62F00FB665A /* jif-SwiftSyntax.app */ = {isa = PBXFileReference; explicitFileType = wrapper.application; includeInIndex = 0; path = "jif-SwiftSyntax.app"; sourceTree = BUILT_PRODUCTS_DIR; };
		EEB7994F1C3CD62F00FB665A /* AppDelegate.swift */ = {isa = PBXFileReference; lastKnownFileType = sourcecode.swift; path = AppDelegate.swift; sourceTree = "<group>"; };
		EEB799511C3CD62F00FB665A /* ViewController.swift */ = {isa = PBXFileReference; lastKnownFileType = sourcecode.swift; path = ViewController.swift; sourceTree = "<group>"; };
		EEB799541C3CD62F00FB665A /* Base */ = {isa = PBXFileReference; lastKnownFileType = file.storyboard; name = Base; path = Base.lproj/Main.storyboard; sourceTree = "<group>"; };
		EEB799571C3CD62F00FB665A /* jif_SwiftSyntax.xcdatamodel */ = {isa = PBXFileReference; lastKnownFileType = wrapper.xcdatamodel; path = jif_SwiftSyntax.xcdatamodel; sourceTree = "<group>"; };
		EEB799591C3CD62F00FB665A /* Assets.xcassets */ = {isa = PBXFileReference; lastKnownFileType = folder.assetcatalog; path = Assets.xcassets; sourceTree = "<group>"; };
		EEB7995C1C3CD62F00FB665A /* Base */ = {isa = PBXFileReference; lastKnownFileType = file.storyboard; name = Base; path = Base.lproj/LaunchScreen.storyboard; sourceTree = "<group>"; };
		EEB7995E1C3CD62F00FB665A /* Info.plist */ = {isa = PBXFileReference; lastKnownFileType = text.plist.xml; path = Info.plist; sourceTree = "<group>"; };
		EEB799631C3CD62F00FB665A /* jif-SwiftSyntaxTests.xctest */ = {isa = PBXFileReference; explicitFileType = wrapper.cfbundle; includeInIndex = 0; path = "jif-SwiftSyntaxTests.xctest"; sourceTree = BUILT_PRODUCTS_DIR; };
		EEB799671C3CD62F00FB665A /* jif_SwiftSyntaxTests.swift */ = {isa = PBXFileReference; lastKnownFileType = sourcecode.swift; path = jif_SwiftSyntaxTests.swift; sourceTree = "<group>"; };
		EEB799691C3CD62F00FB665A /* Info.plist */ = {isa = PBXFileReference; lastKnownFileType = text.plist.xml; path = Info.plist; sourceTree = "<group>"; };
		EEB7996E1C3CD62F00FB665A /* jif-SwiftSyntaxUITests.xctest */ = {isa = PBXFileReference; explicitFileType = wrapper.cfbundle; includeInIndex = 0; path = "jif-SwiftSyntaxUITests.xctest"; sourceTree = BUILT_PRODUCTS_DIR; };
		EEB799721C3CD62F00FB665A /* jif_SwiftSyntaxUITests.swift */ = {isa = PBXFileReference; lastKnownFileType = sourcecode.swift; path = jif_SwiftSyntaxUITests.swift; sourceTree = "<group>"; };
		EEB799741C3CD62F00FB665A /* Info.plist */ = {isa = PBXFileReference; lastKnownFileType = text.plist.xml; path = Info.plist; sourceTree = "<group>"; };
/* End PBXFileReference section */

/* Begin PBXFrameworksBuildPhase section */
		EEB799491C3CD62F00FB665A /* Frameworks */ = {
			isa = PBXFrameworksBuildPhase;
			buildActionMask = 2147483647;
			files = (
			);
			runOnlyForDeploymentPostprocessing = 0;
		};
		EEB799601C3CD62F00FB665A /* Frameworks */ = {
			isa = PBXFrameworksBuildPhase;
			buildActionMask = 2147483647;
			files = (
			);
			runOnlyForDeploymentPostprocessing = 0;
		};
		EEB7996B1C3CD62F00FB665A /* Frameworks */ = {
			isa = PBXFrameworksBuildPhase;
			buildActionMask = 2147483647;
			files = (
			);
			runOnlyForDeploymentPostprocessing = 0;
		};
/* End PBXFrameworksBuildPhase section */

/* Begin PBXGroup section */
		EEB799431C3CD62F00FB665A = {
			isa = PBXGroup;
			children = (
				EE8CE7DE1C44D5620073658C /* Time.playground */,
				EE0100E21C3CD829000E5333 /* SomeTestCodeDemo.playground */,
				EE0100E31C3CD829000E5333 /* SwiftStudy.playground */,
				EE0100E41C3CD829000E5333 /* SyntaxPlay.playground */,
				EEB7994E1C3CD62F00FB665A /* jif-SwiftSyntax */,
				EEB799661C3CD62F00FB665A /* jif-SwiftSyntaxTests */,
				EEB799711C3CD62F00FB665A /* jif-SwiftSyntaxUITests */,
				EEB7994D1C3CD62F00FB665A /* Products */,
			);
			sourceTree = "<group>";
		};
		EEB7994D1C3CD62F00FB665A /* Products */ = {
			isa = PBXGroup;
			children = (
				EEB7994C1C3CD62F00FB665A /* jif-SwiftSyntax.app */,
				EEB799631C3CD62F00FB665A /* jif-SwiftSyntaxTests.xctest */,
				EEB7996E1C3CD62F00FB665A /* jif-SwiftSyntaxUITests.xctest */,
			);
			name = Products;
			sourceTree = "<group>";
		};
		EEB7994E1C3CD62F00FB665A /* jif-SwiftSyntax */ = {
			isa = PBXGroup;
			children = (
				EEB7994F1C3CD62F00FB665A /* AppDelegate.swift */,
				EEB799511C3CD62F00FB665A /* ViewController.swift */,
				EEB799531C3CD62F00FB665A /* Main.storyboard */,
				EEB799591C3CD62F00FB665A /* Assets.xcassets */,
				EEB7995B1C3CD62F00FB665A /* LaunchScreen.storyboard */,
				EEB7995E1C3CD62F00FB665A /* Info.plist */,
				EEB799561C3CD62F00FB665A /* jif_SwiftSyntax.xcdatamodeld */,
			);
			path = "jif-SwiftSyntax";
			sourceTree = "<group>";
		};
		EEB799661C3CD62F00FB665A /* jif-SwiftSyntaxTests */ = {
			isa = PBXGroup;
			children = (
				EEB799671C3CD62F00FB665A /* jif_SwiftSyntaxTests.swift */,
				EEB799691C3CD62F00FB665A /* Info.plist */,
			);
			path = "jif-SwiftSyntaxTests";
			sourceTree = "<group>";
		};
		EEB799711C3CD62F00FB665A /* jif-SwiftSyntaxUITests */ = {
			isa = PBXGroup;
			children = (
				EEB799721C3CD62F00FB665A /* jif_SwiftSyntaxUITests.swift */,
				EEB799741C3CD62F00FB665A /* Info.plist */,
			);
			path = "jif-SwiftSyntaxUITests";
			sourceTree = "<group>";
		};
/* End PBXGroup section */

/* Begin PBXNativeTarget section */
		EEB7994B1C3CD62F00FB665A /* jif-SwiftSyntax */ = {
			isa = PBXNativeTarget;
			buildConfigurationList = EEB799771C3CD62F00FB665A /* Build configuration list for PBXNativeTarget "jif-SwiftSyntax" */;
			buildPhases = (
				EEB799481C3CD62F00FB665A /* Sources */,
				EEB799491C3CD62F00FB665A /* Frameworks */,
				EEB7994A1C3CD62F00FB665A /* Resources */,
			);
			buildRules = (
			);
			dependencies = (
			);
			name = "jif-SwiftSyntax";
			productName = "jif-SwiftSyntax";
			productReference = EEB7994C1C3CD62F00FB665A /* jif-SwiftSyntax.app */;
			productType = "com.apple.product-type.application";
		};
		EEB799621C3CD62F00FB665A /* jif-SwiftSyntaxTests */ = {
			isa = PBXNativeTarget;
			buildConfigurationList = EEB7997A1C3CD62F00FB665A /* Build configuration list for PBXNativeTarget "jif-SwiftSyntaxTests" */;
			buildPhases = (
				EEB7995F1C3CD62F00FB665A /* Sources */,
				EEB799601C3CD62F00FB665A /* Frameworks */,
				EEB799611C3CD62F00FB665A /* Resources */,
			);
			buildRules = (
			);
			dependencies = (
				EEB799651C3CD62F00FB665A /* PBXTargetDependency */,
			);
			name = "jif-SwiftSyntaxTests";
			productName = "jif-SwiftSyntaxTests";
			productReference = EEB799631C3CD62F00FB665A /* jif-SwiftSyntaxTests.xctest */;
			productType = "com.apple.product-type.bundle.unit-test";
		};
		EEB7996D1C3CD62F00FB665A /* jif-SwiftSyntaxUITests */ = {
			isa = PBXNativeTarget;
			buildConfigurationList = EEB7997D1C3CD62F00FB665A /* Build configuration list for PBXNativeTarget "jif-SwiftSyntaxUITests" */;
			buildPhases = (
				EEB7996A1C3CD62F00FB665A /* Sources */,
				EEB7996B1C3CD62F00FB665A /* Frameworks */,
				EEB7996C1C3CD62F00FB665A /* Resources */,
			);
			buildRules = (
			);
			dependencies = (
				EEB799701C3CD62F00FB665A /* PBXTargetDependency */,
			);
			name = "jif-SwiftSyntaxUITests";
			productName = "jif-SwiftSyntaxUITests";
			productReference = EEB7996E1C3CD62F00FB665A /* jif-SwiftSyntaxUITests.xctest */;
			productType = "com.apple.product-type.bundle.ui-testing";
		};
/* End PBXNativeTarget section */

/* Begin PBXProject section */
		EEB799441C3CD62F00FB665A /* Project object */ = {
			isa = PBXProject;
			attributes = {
				LastSwiftUpdateCheck = 0720;
				LastUpgradeCheck = 0720;
				ORGANIZATIONNAME = "Fei Jin";
				TargetAttributes = {
					EEB7994B1C3CD62F00FB665A = {
						CreatedOnToolsVersion = 7.2;
					};
					EEB799621C3CD62F00FB665A = {
						CreatedOnToolsVersion = 7.2;
						TestTargetID = EEB7994B1C3CD62F00FB665A;
					};
					EEB7996D1C3CD62F00FB665A = {
						CreatedOnToolsVersion = 7.2;
						TestTargetID = EEB7994B1C3CD62F00FB665A;
					};
				};
			};
			buildConfigurationList = EEB799471C3CD62F00FB665A /* Build configuration list for PBXProject "jif-SwiftSyntax" */;
			compatibilityVersion = "Xcode 3.2";
			developmentRegion = English;
			hasScannedForEncodings = 0;
			knownRegions = (
				en,
				Base,
			);
			mainGroup = EEB799431C3CD62F00FB665A;
			productRefGroup = EEB7994D1C3CD62F00FB665A /* Products */;
			projectDirPath = "";
			projectRoot = "";
			targets = (
				EEB7994B1C3CD62F00FB665A /* jif-SwiftSyntax */,
				EEB799621C3CD62F00FB665A /* jif-SwiftSyntaxTests */,
				EEB7996D1C3CD62F00FB665A /* jif-SwiftSyntaxUITests */,
			);
		};
/* End PBXProject section */

/* Begin PBXResourcesBuildPhase section */
		EEB7994A1C3CD62F00FB665A /* Resources */ = {
			isa = PBXResourcesBuildPhase;
			buildActionMask = 2147483647;
			files = (
				EEB7995D1C3CD62F00FB665A /* LaunchScreen.storyboard in Resources */,
				EEB7995A1C3CD62F00FB665A /* Assets.xcassets in Resources */,
				EEB799551C3CD62F00FB665A /* Main.storyboard in Resources */,
			);
			runOnlyForDeploymentPostprocessing = 0;
		};
		EEB799611C3CD62F00FB665A /* Resources */ = {
			isa = PBXResourcesBuildPhase;
			buildActionMask = 2147483647;
			files = (
			);
			runOnlyForDeploymentPostprocessing = 0;
		};
		EEB7996C1C3CD62F00FB665A /* Resources */ = {
			isa = PBXResourcesBuildPhase;
			buildActionMask = 2147483647;
			files = (
			);
			runOnlyForDeploymentPostprocessing = 0;
		};
/* End PBXResourcesBuildPhase section */

/* Begin PBXSourcesBuildPhase section */
		EEB799481C3CD62F00FB665A /* Sources */ = {
			isa = PBXSourcesBuildPhase;
			buildActionMask = 2147483647;
			files = (
				EEB799521C3CD62F00FB665A /* ViewController.swift in Sources */,
				EEB799501C3CD62F00FB665A /* AppDelegate.swift in Sources */,
				EEB799581C3CD62F00FB665A /* jif_SwiftSyntax.xcdatamodeld in Sources */,
			);
			runOnlyForDeploymentPostprocessing = 0;
		};
		EEB7995F1C3CD62F00FB665A /* Sources */ = {
			isa = PBXSourcesBuildPhase;
			buildActionMask = 2147483647;
			files = (
				EEB799681C3CD62F00FB665A /* jif_SwiftSyntaxTests.swift in Sources */,
			);
			runOnlyForDeploymentPostprocessing = 0;
		};
		EEB7996A1C3CD62F00FB665A /* Sources */ = {
			isa = PBXSourcesBuildPhase;
			buildActionMask = 2147483647;
			files = (
				EEB799731C3CD62F00FB665A /* jif_SwiftSyntaxUITests.swift in Sources */,
			);
			runOnlyForDeploymentPostprocessing = 0;
		};
/* End PBXSourcesBuildPhase section */

/* Begin PBXTargetDependency section */
		EEB799651C3CD62F00FB665A /* PBXTargetDependency */ = {
			isa = PBXTargetDependency;
			target = EEB7994B1C3CD62F00FB665A /* jif-SwiftSyntax */;
			targetProxy = EEB799641C3CD62F00FB665A /* PBXContainerItemProxy */;
		};
		EEB799701C3CD62F00FB665A /* PBXTargetDependency */ = {
			isa = PBXTargetDependency;
			target = EEB7994B1C3CD62F00FB665A /* jif-SwiftSyntax */;
			targetProxy = EEB7996F1C3CD62F00FB665A /* PBXContainerItemProxy */;
		};
/* End PBXTargetDependency section */

/* Begin PBXVariantGroup section */
		EEB799531C3CD62F00FB665A /* Main.storyboard */ = {
			isa = PBXVariantGroup;
			children = (
				EEB799541C3CD62F00FB665A /* Base */,
			);
			name = Main.storyboard;
			sourceTree = "<group>";
		};
		EEB7995B1C3CD62F00FB665A /* LaunchScreen.storyboard */ = {
			isa = PBXVariantGroup;
			children = (
				EEB7995C1C3CD62F00FB665A /* Base */,
			);
			name = LaunchScreen.storyboard;
			sourceTree = "<group>";
		};
/* End PBXVariantGroup section */

/* Begin XCBuildConfiguration section */
		EEB799751C3CD62F00FB665A /* Debug */ = {
			isa = XCBuildConfiguration;
			buildSettings = {
				ALWAYS_SEARCH_USER_PATHS = NO;
				CLANG_CXX_LANGUAGE_STANDARD = "gnu++0x";
				CLANG_CXX_LIBRARY = "libc++";
				CLANG_ENABLE_MODULES = YES;
				CLANG_ENABLE_OBJC_ARC = YES;
				CLANG_WARN_BOOL_CONVERSION = YES;
				CLANG_WARN_CONSTANT_CONVERSION = YES;
				CLANG_WARN_DIRECT_OBJC_ISA_USAGE = YES_ERROR;
				CLANG_WARN_EMPTY_BODY = YES;
				CLANG_WARN_ENUM_CONVERSION = YES;
				CLANG_WARN_INT_CONVERSION = YES;
				CLANG_WARN_OBJC_ROOT_CLASS = YES_ERROR;
				CLANG_WARN_UNREACHABLE_CODE = YES;
				CLANG_WARN__DUPLICATE_METHOD_MATCH = YES;
				"CODE_SIGN_IDENTITY[sdk=iphoneos*]" = "iPhone Developer";
				COPY_PHASE_STRIP = NO;
				DEBUG_INFORMATION_FORMAT = dwarf;
				ENABLE_STRICT_OBJC_MSGSEND = YES;
				ENABLE_TESTABILITY = YES;
				GCC_C_LANGUAGE_STANDARD = gnu99;
				GCC_DYNAMIC_NO_PIC = NO;
				GCC_NO_COMMON_BLOCKS = YES;
				GCC_OPTIMIZATION_LEVEL = 0;
				GCC_PREPROCESSOR_DEFINITIONS = (
					"DEBUG=1",
					"$(inherited)",
				);
				GCC_WARN_64_TO_32_BIT_CONVERSION = YES;
				GCC_WARN_ABOUT_RETURN_TYPE = YES_ERROR;
				GCC_WARN_UNDECLARED_SELECTOR = YES;
				GCC_WARN_UNINITIALIZED_AUTOS = YES_AGGRESSIVE;
				GCC_WARN_UNUSED_FUNCTION = YES;
				GCC_WARN_UNUSED_VARIABLE = YES;
				IPHONEOS_DEPLOYMENT_TARGET = 9.2;
				MTL_ENABLE_DEBUG_INFO = YES;
				ONLY_ACTIVE_ARCH = YES;
				SDKROOT = iphoneos;
				SWIFT_OPTIMIZATION_LEVEL = "-Onone";
				TARGETED_DEVICE_FAMILY = "1,2";
			};
			name = Debug;
		};
		EEB799761C3CD62F00FB665A /* Release */ = {
			isa = XCBuildConfiguration;
			buildSettings = {
				ALWAYS_SEARCH_USER_PATHS = NO;
				CLANG_CXX_LANGUAGE_STANDARD = "gnu++0x";
				CLANG_CXX_LIBRARY = "libc++";
				CLANG_ENABLE_MODULES = YES;
				CLANG_ENABLE_OBJC_ARC = YES;
				CLANG_WARN_BOOL_CONVERSION = YES;
				CLANG_WARN_CONSTANT_CONVERSION = YES;
				CLANG_WARN_DIRECT_OBJC_ISA_USAGE = YES_ERROR;
				CLANG_WARN_EMPTY_BODY = YES;
				CLANG_WARN_ENUM_CONVERSION = YES;
				CLANG_WARN_INT_CONVERSION = YES;
				CLANG_WARN_OBJC_ROOT_CLASS = YES_ERROR;
				CLANG_WARN_UNREACHABLE_CODE = YES;
				CLANG_WARN__DUPLICATE_METHOD_MATCH = YES;
				"CODE_SIGN_IDENTITY[sdk=iphoneos*]" = "iPhone Developer";
				COPY_PHASE_STRIP = NO;
				DEBUG_INFORMATION_FORMAT = "dwarf-with-dsym";
				ENABLE_NS_ASSERTIONS = NO;
				ENABLE_STRICT_OBJC_MSGSEND = YES;
				GCC_C_LANGUAGE_STANDARD = gnu99;
				GCC_NO_COMMON_BLOCKS = YES;
				GCC_WARN_64_TO_32_BIT_CONVERSION = YES;
				GCC_WARN_ABOUT_RETURN_TYPE = YES_ERROR;
				GCC_WARN_UNDECLARED_SELECTOR = YES;
				GCC_WARN_UNINITIALIZED_AUTOS = YES_AGGRESSIVE;
				GCC_WARN_UNUSED_FUNCTION = YES;
				GCC_WARN_UNUSED_VARIABLE = YES;
				IPHONEOS_DEPLOYMENT_TARGET = 9.2;
				MTL_ENABLE_DEBUG_INFO = NO;
				SDKROOT = iphoneos;
				TARGETED_DEVICE_FAMILY = "1,2";
				VALIDATE_PRODUCT = YES;
			};
			name = Release;
		};
		EEB799781C3CD62F00FB665A /* Debug */ = {
			isa = XCBuildConfiguration;
			buildSettings = {
				ASSETCATALOG_COMPILER_APPICON_NAME = AppIcon;
				CODE_SIGN_IDENTITY = "iPhone Developer";
				INFOPLIST_FILE = "jif-SwiftSyntax/Info.plist";
				LD_RUNPATH_SEARCH_PATHS = "$(inherited) @executable_path/Frameworks";
				PRODUCT_BUNDLE_IDENTIFIER = "cn.bgenius.jif-SwiftSyntax";
				PRODUCT_NAME = "$(TARGET_NAME)";
			};
			name = Debug;
		};
		EEB799791C3CD62F00FB665A /* Release */ = {
			isa = XCBuildConfiguration;
			buildSettings = {
				ASSETCATALOG_COMPILER_APPICON_NAME = AppIcon;
				CODE_SIGN_IDENTITY = "iPhone Developer";
				INFOPLIST_FILE = "jif-SwiftSyntax/Info.plist";
				LD_RUNPATH_SEARCH_PATHS = "$(inherited) @executable_path/Frameworks";
				PRODUCT_BUNDLE_IDENTIFIER = "cn.bgenius.jif-SwiftSyntax";
				PRODUCT_NAME = "$(TARGET_NAME)";
			};
			name = Release;
		};
		EEB7997B1C3CD62F00FB665A /* Debug */ = {
			isa = XCBuildConfiguration;
			buildSettings = {
				BUNDLE_LOADER = "$(TEST_HOST)";
				INFOPLIST_FILE = "jif-SwiftSyntaxTests/Info.plist";
				LD_RUNPATH_SEARCH_PATHS = "$(inherited) @executable_path/Frameworks @loader_path/Frameworks";
				PRODUCT_BUNDLE_IDENTIFIER = "cn.bgenius.jif-SwiftSyntaxTests";
				PRODUCT_NAME = "$(TARGET_NAME)";
				TEST_HOST = "$(BUILT_PRODUCTS_DIR)/jif-SwiftSyntax.app/jif-SwiftSyntax";
			};
			name = Debug;
		};
		EEB7997C1C3CD62F00FB665A /* Release */ = {
			isa = XCBuildConfiguration;
			buildSettings = {
				BUNDLE_LOADER = "$(TEST_HOST)";
				INFOPLIST_FILE = "jif-SwiftSyntaxTests/Info.plist";
				LD_RUNPATH_SEARCH_PATHS = "$(inherited) @executable_path/Frameworks @loader_path/Frameworks";
				PRODUCT_BUNDLE_IDENTIFIER = "cn.bgenius.jif-SwiftSyntaxTests";
				PRODUCT_NAME = "$(TARGET_NAME)";
				TEST_HOST = "$(BUILT_PRODUCTS_DIR)/jif-SwiftSyntax.app/jif-SwiftSyntax";
			};
			name = Release;
		};
		EEB7997E1C3CD62F00FB665A /* Debug */ = {
			isa = XCBuildConfiguration;
			buildSettings = {
				INFOPLIST_FILE = "jif-SwiftSyntaxUITests/Info.plist";
				LD_RUNPATH_SEARCH_PATHS = "$(inherited) @executable_path/Frameworks @loader_path/Frameworks";
				PRODUCT_BUNDLE_IDENTIFIER = "cn.bgenius.jif-SwiftSyntaxUITests";
				PRODUCT_NAME = "$(TARGET_NAME)";
				TEST_TARGET_NAME = "jif-SwiftSyntax";
				USES_XCTRUNNER = YES;
			};
			name = Debug;
		};
		EEB7997F1C3CD62F00FB665A /* Release */ = {
			isa = XCBuildConfiguration;
			buildSettings = {
				INFOPLIST_FILE = "jif-SwiftSyntaxUITests/Info.plist";
				LD_RUNPATH_SEARCH_PATHS = "$(inherited) @executable_path/Frameworks @loader_path/Frameworks";
				PRODUCT_BUNDLE_IDENTIFIER = "cn.bgenius.jif-SwiftSyntaxUITests";
				PRODUCT_NAME = "$(TARGET_NAME)";
				TEST_TARGET_NAME = "jif-SwiftSyntax";
				USES_XCTRUNNER = YES;
			};
			name = Release;
		};
/* End XCBuildConfiguration section */

/* Begin XCConfigurationList section */
		EEB799471C3CD62F00FB665A /* Build configuration list for PBXProject "jif-SwiftSyntax" */ = {
			isa = XCConfigurationList;
			buildConfigurations = (
				EEB799751C3CD62F00FB665A /* Debug */,
				EEB799761C3CD62F00FB665A /* Release */,
			);
			defaultConfigurationIsVisible = 0;
			defaultConfigurationName = Release;
		};
		EEB799771C3CD62F00FB665A /* Build configuration list for PBXNativeTarget "jif-SwiftSyntax" */ = {
			isa = XCConfigurationList;
			buildConfigurations = (
				EEB799781C3CD62F00FB665A /* Debug */,
				EEB799791C3CD62F00FB665A /* Release */,
			);
			defaultConfigurationIsVisible = 0;
			defaultConfigurationName = Release;
		};
		EEB7997A1C3CD62F00FB665A /* Build configuration list for PBXNativeTarget "jif-SwiftSyntaxTests" */ = {
			isa = XCConfigurationList;
			buildConfigurations = (
				EEB7997B1C3CD62F00FB665A /* Debug */,
				EEB7997C1C3CD62F00FB665A /* Release */,
			);
			defaultConfigurationIsVisible = 0;
			defaultConfigurationName = Release;
		};
		EEB7997D1C3CD62F00FB665A /* Build configuration list for PBXNativeTarget "jif-SwiftSyntaxUITests" */ = {
			isa = XCConfigurationList;
			buildConfigurations = (
				EEB7997E1C3CD62F00FB665A /* Debug */,
				EEB7997F1C3CD62F00FB665A /* Release */,
			);
			defaultConfigurationIsVisible = 0;
			defaultConfigurationName = Release;
		};
/* End XCConfigurationList section */

/* Begin XCVersionGroup section */
		EEB799561C3CD62F00FB665A /* jif_SwiftSyntax.xcdatamodeld */ = {
			isa = XCVersionGroup;
			children = (
				EEB799571C3CD62F00FB665A /* jif_SwiftSyntax.xcdatamodel */,
			);
			currentVersion = EEB799571C3CD62F00FB665A /* jif_SwiftSyntax.xcdatamodel */;
			path = jif_SwiftSyntax.xcdatamodeld;
			sourceTree = "<group>";
			versionGroupType = wrapper.xcdatamodel;
		};
/* End XCVersionGroup section */
	};
	rootObject = EEB799441C3CD62F00FB665A /* Project object */;
}
